
Microsoft Visual Studio Solution File, Format Version 12.00
# Visual Studio 15
VisualStudioVersion = 15.0.27428.2037
MinimumVisualStudioVersion = 10.0.40219.1
Project("{FAE04EC0-301F-11D3-BF4B-00C04F79EFBC}") = "PGS_staz", "PGS_staz\PGS_staz.csproj", "{4CEFD776-6349-4010-9727-F6E38DEFFBDB}"
EndProject
Global
	GlobalSection(SolutionConfigurationPlatforms) = preSolution
		Debug|Any CPU = Debug|Any CPU
		Release|Any CPU = Release|Any CPU
	EndGlobalSection
	GlobalSection(ProjectConfigurationPlatforms) = postSolution
		{4CEFD776-6349-4010-9727-F6E38DEFFBDB}.Debug|Any CPU.ActiveCfg = Debug|Any CPU
		{4CEFD776-6349-4010-9727-F6E38DEFFBDB}.Debug|Any CPU.Build.0 = Debug|Any CPU
		{4CEFD776-6349-4010-9727-F6E38DEFFBDB}.Release|Any CPU.ActiveCfg = Release|Any CPU
		{4CEFD776-6349-4010-9727-F6E38DEFFBDB}.Release|Any CPU.Build.0 = Release|Any CPU
	EndGlobalSection
	GlobalSection(SolutionProperties) = preSolution
		HideSolutionNode = FALSE
	EndGlobalSection
	GlobalSection(ExtensibilityGlobals) = postSolution
		SolutionGuid = {BD614D9F-8D5D-4B10-A8E8-D8A279F0BED9}
	EndGlobalSection
EndGlobal
